
Microsoft Visual Studio Solution File, Format Version 12.00
# Visual Studio Version 17
VisualStudioVersion = 17.5.33414.496
MinimumVisualStudioVersion = 10.0.40219.1
Project("{FAE04EC0-301F-11D3-BF4B-00C04F79EFBC}") = "pryVentasVerduleros", "pryVentasVerduleros\pryVentasVerduleros.csproj", "{437FC159-D64F-4D5E-ADB8-EDC367805E3C}"
EndProject
Global
	GlobalSection(SolutionConfigurationPlatforms) = preSolution
		Debug|Any CPU = Debug|Any CPU
		Release|Any CPU = Release|Any CPU
	EndGlobalSection
	GlobalSection(ProjectConfigurationPlatforms) = postSolution
		{437FC159-D64F-4D5E-ADB8-EDC367805E3C}.Debug|Any CPU.ActiveCfg = Debug|Any CPU
		{437FC159-D64F-4D5E-ADB8-EDC367805E3C}.Debug|Any CPU.Build.0 = Debug|Any CPU
		{437FC159-D64F-4D5E-ADB8-EDC367805E3C}.Release|Any CPU.ActiveCfg = Release|Any CPU
		{437FC159-D64F-4D5E-ADB8-EDC367805E3C}.Release|Any CPU.Build.0 = Release|Any CPU
	EndGlobalSection
	GlobalSection(SolutionProperties) = preSolution
		HideSolutionNode = FALSE
	EndGlobalSection
	GlobalSection(ExtensibilityGlobals) = postSolution
		SolutionGuid = {76E01923-1712-4D5B-9D54-2A5902E2ADFE}
	EndGlobalSection
EndGlobal
